
Microsoft Visual Studio Solution File, Format Version 12.00
# Visual Studio Version 17
VisualStudioVersion = 17.9.34714.143
MinimumVisualStudioVersion = 10.0.40219.1
Project("{FAE04EC0-301F-11D3-BF4B-00C04F79EFBC}") = "FindNumber", "FindNumber.csproj", "{99DA5316-DECA-4694-9069-1597B60600BF}"
EndProject
Global
	GlobalSection(SolutionConfigurationPlatforms) = preSolution
		Debug|Any CPU = Debug|Any CPU
		Release|Any CPU = Release|Any CPU
	EndGlobalSection
	GlobalSection(ProjectConfigurationPlatforms) = postSolution
		{99DA5316-DECA-4694-9069-1597B60600BF}.Debug|Any CPU.ActiveCfg = Debug|Any CPU
		{99DA5316-DECA-4694-9069-1597B60600BF}.Debug|Any CPU.Build.0 = Debug|Any CPU
		{99DA5316-DECA-4694-9069-1597B60600BF}.Release|Any CPU.ActiveCfg = Release|Any CPU
		{99DA5316-DECA-4694-9069-1597B60600BF}.Release|Any CPU.Build.0 = Release|Any CPU
	EndGlobalSection
	GlobalSection(SolutionProperties) = preSolution
		HideSolutionNode = FALSE
	EndGlobalSection
	GlobalSection(ExtensibilityGlobals) = postSolution
		SolutionGuid = {69620875-D26C-43D6-8DB2-68E7436CD18F}
	EndGlobalSection
EndGlobal
