
Microsoft Visual Studio Solution File, Format Version 12.00
# Visual Studio Version 17
VisualStudioVersion = 17.9.34714.143
MinimumVisualStudioVersion = 10.0.40219.1
Project("{FAE04EC0-301F-11D3-BF4B-00C04F79EFBC}") = "RazorPagesMovie", "RazorPagesMovie.csproj", "{7DA42361-1ECA-4441-B75D-61D0D6A7C669}"
EndProject
Global
	GlobalSection(SolutionConfigurationPlatforms) = preSolution
		Debug|Any CPU = Debug|Any CPU
		Release|Any CPU = Release|Any CPU
	EndGlobalSection
	GlobalSection(ProjectConfigurationPlatforms) = postSolution
		{7DA42361-1ECA-4441-B75D-61D0D6A7C669}.Debug|Any CPU.ActiveCfg = Debug|Any CPU
		{7DA42361-1ECA-4441-B75D-61D0D6A7C669}.Debug|Any CPU.Build.0 = Debug|Any CPU
		{7DA42361-1ECA-4441-B75D-61D0D6A7C669}.Release|Any CPU.ActiveCfg = Release|Any CPU
		{7DA42361-1ECA-4441-B75D-61D0D6A7C669}.Release|Any CPU.Build.0 = Release|Any CPU
	EndGlobalSection
	GlobalSection(SolutionProperties) = preSolution
		HideSolutionNode = FALSE
	EndGlobalSection
	GlobalSection(ExtensibilityGlobals) = postSolution
		SolutionGuid = {827CBD10-16BD-4D00-BF78-8E48E9DF237B}
	EndGlobalSection
EndGlobal
