
Microsoft Visual Studio Solution File, Format Version 12.00
# Visual Studio Version 17
VisualStudioVersion = 17.9.34714.143
MinimumVisualStudioVersion = 10.0.40219.1
Project("{9A19103F-16F7-4668-BE54-9A1E7A4F7556}") = "GameStore.Frontend", "GameStore.Frontend.csproj", "{3FED1746-A7D7-4EA2-B8BA-84D3EA80149D}"
EndProject
Global
	GlobalSection(SolutionConfigurationPlatforms) = preSolution
		Debug|Any CPU = Debug|Any CPU
		Release|Any CPU = Release|Any CPU
	EndGlobalSection
	GlobalSection(ProjectConfigurationPlatforms) = postSolution
		{3FED1746-A7D7-4EA2-B8BA-84D3EA80149D}.Debug|Any CPU.ActiveCfg = Debug|Any CPU
		{3FED1746-A7D7-4EA2-B8BA-84D3EA80149D}.Debug|Any CPU.Build.0 = Debug|Any CPU
		{3FED1746-A7D7-4EA2-B8BA-84D3EA80149D}.Release|Any CPU.ActiveCfg = Release|Any CPU
		{3FED1746-A7D7-4EA2-B8BA-84D3EA80149D}.Release|Any CPU.Build.0 = Release|Any CPU
	EndGlobalSection
	GlobalSection(SolutionProperties) = preSolution
		HideSolutionNode = FALSE
	EndGlobalSection
	GlobalSection(ExtensibilityGlobals) = postSolution
		SolutionGuid = {EDEAEC6D-4CA7-4BB5-8729-DE699D645F37}
	EndGlobalSection
EndGlobal
