
Microsoft Visual Studio Solution File, Format Version 12.00
# Visual Studio Version 17
VisualStudioVersion = 17.9.34714.143
MinimumVisualStudioVersion = 10.0.40219.1
Project("{FAE04EC0-301F-11D3-BF4B-00C04F79EFBC}") = "BlazorApp2", "BlazorApp2.csproj", "{4AF94942-0DAB-43F7-BAB2-26BDB281B5E5}"
EndProject
Global
	GlobalSection(SolutionConfigurationPlatforms) = preSolution
		Debug|Any CPU = Debug|Any CPU
		Release|Any CPU = Release|Any CPU
	EndGlobalSection
	GlobalSection(ProjectConfigurationPlatforms) = postSolution
		{4AF94942-0DAB-43F7-BAB2-26BDB281B5E5}.Debug|Any CPU.ActiveCfg = Debug|Any CPU
		{4AF94942-0DAB-43F7-BAB2-26BDB281B5E5}.Debug|Any CPU.Build.0 = Debug|Any CPU
		{4AF94942-0DAB-43F7-BAB2-26BDB281B5E5}.Release|Any CPU.ActiveCfg = Release|Any CPU
		{4AF94942-0DAB-43F7-BAB2-26BDB281B5E5}.Release|Any CPU.Build.0 = Release|Any CPU
	EndGlobalSection
	GlobalSection(SolutionProperties) = preSolution
		HideSolutionNode = FALSE
	EndGlobalSection
	GlobalSection(ExtensibilityGlobals) = postSolution
		SolutionGuid = {8E978F1C-6D36-452F-A67F-1FA237A6FDD5}
	EndGlobalSection
EndGlobal
