
Microsoft Visual Studio Solution File, Format Version 12.00
# Visual Studio Version 17
VisualStudioVersion = 17.9.34714.143
MinimumVisualStudioVersion = 10.0.40219.1
Project("{9A19103F-16F7-4668-BE54-9A1E7A4F7556}") = "GameBlazor", "GameBlazor.csproj", "{B7B425A8-3C06-465D-8AC2-42738735AB64}"
EndProject
Global
	GlobalSection(SolutionConfigurationPlatforms) = preSolution
		Debug|Any CPU = Debug|Any CPU
		Release|Any CPU = Release|Any CPU
	EndGlobalSection
	GlobalSection(ProjectConfigurationPlatforms) = postSolution
		{B7B425A8-3C06-465D-8AC2-42738735AB64}.Debug|Any CPU.ActiveCfg = Debug|Any CPU
		{B7B425A8-3C06-465D-8AC2-42738735AB64}.Debug|Any CPU.Build.0 = Debug|Any CPU
		{B7B425A8-3C06-465D-8AC2-42738735AB64}.Release|Any CPU.ActiveCfg = Release|Any CPU
		{B7B425A8-3C06-465D-8AC2-42738735AB64}.Release|Any CPU.Build.0 = Release|Any CPU
	EndGlobalSection
	GlobalSection(SolutionProperties) = preSolution
		HideSolutionNode = FALSE
	EndGlobalSection
	GlobalSection(ExtensibilityGlobals) = postSolution
		SolutionGuid = {6E16CE9B-2AB9-44E2-B6AE-03CBC1A4A1DD}
	EndGlobalSection
EndGlobal
